#
# This file is autogenerated by pip-compile with Python 3.10
# by the following command:
#
#    pip-compile --output-file='C:\Users\Pablo Villar\Desktop\CURSOS\KSchool\Máster en Data Science\TFM\TFM_HADO_env\hado-cares\src\requirements.lock' 'C:\Users\Pablo Villar\Desktop\CURSOS\KSchool\Máster en Data Science\TFM\TFM_HADO_env\hado-cares\src\requirements.txt'
#
antlr4-python3-runtime==4.9.3
    # via omegaconf
anyconfig==0.10.1
    # via kedro
anyio==3.6.2
    # via jupyter-server
argon2-cffi==21.3.0
    # via
    #   jupyter-server
    #   nbclassic
    #   notebook
argon2-cffi-bindings==21.2.0
    # via argon2-cffi
arrow==1.2.3
    # via jinja2-time
asttokens==2.2.1
    # via stack-data
attrs==22.2.0
    # via
    #   jsonschema
    #   kedro
    #   pytest
babel==2.12.1
    # via jupyterlab-server
backcall==0.2.0
    # via ipython
beautifulsoup4==4.12.0
    # via nbconvert
binaryornot==0.4.4
    # via cookiecutter
black==22.12.0
    # via -r C:\Users\Pablo Villar\Desktop\CURSOS\KSchool\Máster en Data Science\TFM\TFM_HADO_env\hado-cares\src\requirements.txt
bleach==6.0.0
    # via nbconvert
build==0.10.0
    # via pip-tools
cachetools==5.3.0
    # via kedro
certifi==2022.12.7
    # via requests
cffi==1.15.1
    # via argon2-cffi-bindings
chardet==5.1.0
    # via binaryornot
charset-normalizer==3.1.0
    # via requests
click==8.1.3
    # via
    #   black
    #   cookiecutter
    #   kedro
    #   pip-tools
colorama==0.4.6
    # via
    #   build
    #   click
    #   ipython
    #   pytest
comm==0.1.3
    # via ipykernel
cookiecutter==2.1.1
    # via kedro
coverage[toml]==7.2.2
    # via pytest-cov
debugpy==1.6.6
    # via ipykernel
decorator==5.1.1
    # via ipython
defusedxml==0.7.1
    # via nbconvert
dynaconf==3.1.12
    # via kedro
exceptiongroup==1.1.1
    # via pytest
executing==1.2.0
    # via stack-data
fastjsonschema==2.16.3
    # via nbformat
flake8==4.0.1
    # via -r C:\Users\Pablo Villar\Desktop\CURSOS\KSchool\Máster en Data Science\TFM\TFM_HADO_env\hado-cares\src\requirements.txt
fsspec==2023.3.0
    # via kedro
gitdb==4.0.10
    # via gitpython
gitpython==3.1.31
    # via kedro
idna==3.4
    # via
    #   anyio
    #   requests
importlib-metadata==6.1.0
    # via kedro
importlib-resources==5.12.0
    # via kedro
iniconfig==2.0.0
    # via pytest
ipykernel==6.22.0
    # via
    #   ipywidgets
    #   jupyter
    #   jupyter-console
    #   nbclassic
    #   notebook
    #   qtconsole
ipython==8.11.0 ; python_version >= "3.8"
    # via
    #   -r C:\Users\Pablo Villar\Desktop\CURSOS\KSchool\Máster en Data Science\TFM\TFM_HADO_env\hado-cares\src\requirements.txt
    #   ipykernel
    #   ipywidgets
    #   jupyter-console
    #   jupyterlab
ipython-genutils==0.2.0
    # via
    #   nbclassic
    #   notebook
    #   qtconsole
ipywidgets==8.0.6
    # via jupyter
isort==5.12.0
    # via -r C:\Users\Pablo Villar\Desktop\CURSOS\KSchool\Máster en Data Science\TFM\TFM_HADO_env\hado-cares\src\requirements.txt
jedi==0.18.2
    # via ipython
jinja2==3.1.2
    # via
    #   cookiecutter
    #   jinja2-time
    #   jupyter-server
    #   jupyterlab
    #   jupyterlab-server
    #   nbclassic
    #   nbconvert
    #   notebook
jinja2-time==0.2.0
    # via cookiecutter
jmespath==0.10.0
    # via kedro
json5==0.9.11
    # via jupyterlab-server
jsonschema==4.17.3
    # via
    #   jupyterlab-server
    #   nbformat
jupyter==1.0.0
    # via -r C:\Users\Pablo Villar\Desktop\CURSOS\KSchool\Máster en Data Science\TFM\TFM_HADO_env\hado-cares\src\requirements.txt
jupyter-client==8.1.0
    # via
    #   ipykernel
    #   jupyter-console
    #   jupyter-server
    #   nbclassic
    #   nbclient
    #   notebook
    #   qtconsole
jupyter-console==6.6.3
    # via jupyter
jupyter-core==5.3.0
    # via
    #   ipykernel
    #   jupyter-client
    #   jupyter-console
    #   jupyter-server
    #   jupyterlab
    #   nbclassic
    #   nbclient
    #   nbconvert
    #   nbformat
    #   notebook
    #   qtconsole
jupyter-server==1.23.6
    # via
    #   jupyterlab
    #   jupyterlab-server
    #   nbclassic
    #   notebook-shim
jupyterlab==3.5.3
    # via -r C:\Users\Pablo Villar\Desktop\CURSOS\KSchool\Máster en Data Science\TFM\TFM_HADO_env\hado-cares\src\requirements.txt
jupyterlab-pygments==0.2.2
    # via nbconvert
jupyterlab-server==2.15.2
    # via
    #   -r C:\Users\Pablo Villar\Desktop\CURSOS\KSchool\Máster en Data Science\TFM\TFM_HADO_env\hado-cares\src\requirements.txt
    #   jupyterlab
jupyterlab-widgets==3.0.7
    # via ipywidgets
kedro==0.18.7
    # via
    #   -r C:\Users\Pablo Villar\Desktop\CURSOS\KSchool\Máster en Data Science\TFM\TFM_HADO_env\hado-cares\src\requirements.txt
    #   kedro-telemetry
kedro-telemetry==0.2.3
    # via -r C:\Users\Pablo Villar\Desktop\CURSOS\KSchool\Máster en Data Science\TFM\TFM_HADO_env\hado-cares\src\requirements.txt
markdown-it-py==2.2.0
    # via rich
markupsafe==2.1.2
    # via
    #   jinja2
    #   nbconvert
matplotlib-inline==0.1.6
    # via
    #   ipykernel
    #   ipython
mccabe==0.6.1
    # via flake8
mdurl==0.1.2
    # via markdown-it-py
mistune==2.0.5
    # via nbconvert
more-itertools==9.1.0
    # via kedro
mypy-extensions==1.0.0
    # via black
nbclassic==0.5.3
    # via
    #   jupyterlab
    #   notebook
nbclient==0.7.2
    # via nbconvert
nbconvert==7.2.10
    # via
    #   jupyter
    #   jupyter-server
    #   nbclassic
    #   notebook
nbformat==5.8.0
    # via
    #   jupyter-server
    #   nbclassic
    #   nbclient
    #   nbconvert
    #   nbstripout
    #   notebook
nbstripout==0.6.1
    # via -r C:\Users\Pablo Villar\Desktop\CURSOS\KSchool\Máster en Data Science\TFM\TFM_HADO_env\hado-cares\src\requirements.txt
nest-asyncio==1.5.6
    # via
    #   ipykernel
    #   nbclassic
    #   notebook
notebook==6.5.3
    # via
    #   jupyter
    #   jupyterlab
notebook-shim==0.2.2
    # via nbclassic
omegaconf==2.3.0
    # via kedro
packaging==23.0
    # via
    #   build
    #   ipykernel
    #   jupyter-server
    #   jupyterlab
    #   jupyterlab-server
    #   nbconvert
    #   pytest
    #   pytoolconfig
    #   qtconsole
    #   qtpy
pandocfilters==1.5.0
    # via nbconvert
parso==0.8.3
    # via jedi
pathspec==0.11.1
    # via black
pickleshare==0.7.5
    # via ipython
pip-tools==6.12.3
    # via kedro
platformdirs==3.2.0
    # via
    #   black
    #   jupyter-core
    #   pytoolconfig
pluggy==1.0.0
    # via
    #   kedro
    #   pytest
prometheus-client==0.16.0
    # via
    #   jupyter-server
    #   nbclassic
    #   notebook
prompt-toolkit==3.0.38
    # via
    #   ipython
    #   jupyter-console
psutil==5.9.4
    # via ipykernel
pure-eval==0.2.2
    # via stack-data
pycodestyle==2.8.0
    # via flake8
pycparser==2.21
    # via cffi
pyflakes==2.4.0
    # via flake8
pygments==2.14.0
    # via
    #   ipython
    #   jupyter-console
    #   nbconvert
    #   qtconsole
    #   rich
pyproject-hooks==1.0.0
    # via build
pyrsistent==0.19.3
    # via jsonschema
pytest==7.2.2
    # via
    #   -r C:\Users\Pablo Villar\Desktop\CURSOS\KSchool\Máster en Data Science\TFM\TFM_HADO_env\hado-cares\src\requirements.txt
    #   pytest-cov
    #   pytest-mock
pytest-cov==3.0.0
    # via -r C:\Users\Pablo Villar\Desktop\CURSOS\KSchool\Máster en Data Science\TFM\TFM_HADO_env\hado-cares\src\requirements.txt
pytest-mock==1.13.0
    # via -r C:\Users\Pablo Villar\Desktop\CURSOS\KSchool\Máster en Data Science\TFM\TFM_HADO_env\hado-cares\src\requirements.txt
python-dateutil==2.8.2
    # via
    #   arrow
    #   jupyter-client
python-slugify==8.0.1
    # via cookiecutter
pytoolconfig[global]==1.2.5
    # via rope
pywin32==306
    # via jupyter-core
pywinpty==2.0.10
    # via
    #   jupyter-server
    #   terminado
pyyaml==6.0
    # via
    #   cookiecutter
    #   kedro
    #   omegaconf
pyzmq==25.0.2
    # via
    #   ipykernel
    #   jupyter-client
    #   jupyter-console
    #   jupyter-server
    #   nbclassic
    #   notebook
    #   qtconsole
qtconsole==5.4.1
    # via jupyter
qtpy==2.3.1
    # via qtconsole
requests==2.28.2
    # via
    #   cookiecutter
    #   jupyterlab-server
    #   kedro-telemetry
rich==13.3.3
    # via kedro
rope==1.7.0
    # via kedro
send2trash==1.8.0
    # via
    #   jupyter-server
    #   nbclassic
    #   notebook
six==1.16.0
    # via
    #   asttokens
    #   bleach
    #   python-dateutil
smmap==5.0.0
    # via gitdb
sniffio==1.3.0
    # via anyio
soupsieve==2.4
    # via beautifulsoup4
stack-data==0.6.2
    # via ipython
terminado==0.17.1
    # via
    #   jupyter-server
    #   nbclassic
    #   notebook
text-unidecode==1.3
    # via python-slugify
tinycss2==1.2.1
    # via nbconvert
toml==0.10.2
    # via kedro
tomli==2.0.1
    # via
    #   black
    #   build
    #   coverage
    #   jupyterlab
    #   pyproject-hooks
    #   pytest
    #   pytoolconfig
toposort==1.10
    # via kedro
tornado==6.2
    # via
    #   ipykernel
    #   jupyter-client
    #   jupyter-server
    #   jupyterlab
    #   nbclassic
    #   notebook
    #   terminado
traitlets==5.9.0
    # via
    #   comm
    #   ipykernel
    #   ipython
    #   ipywidgets
    #   jupyter-client
    #   jupyter-console
    #   jupyter-core
    #   jupyter-server
    #   matplotlib-inline
    #   nbclassic
    #   nbclient
    #   nbconvert
    #   nbformat
    #   notebook
    #   qtconsole
urllib3==1.26.15
    # via requests
wcwidth==0.2.6
    # via prompt-toolkit
webencodings==0.5.1
    # via
    #   bleach
    #   tinycss2
websocket-client==1.5.1
    # via jupyter-server
wheel==0.40.0
    # via pip-tools
widgetsnbextension==4.0.7
    # via ipywidgets
zipp==3.15.0
    # via importlib-metadata

# The following packages are considered to be unsafe in a requirements file:
# pip
# setuptools
